
Microsoft Visual Studio Solution File, Format Version 12.00
# Visual Studio Version 17
VisualStudioVersion = 17.5.33502.453
MinimumVisualStudioVersion = 10.0.40219.1
Project("{FAE04EC0-301F-11D3-BF4B-00C04F79EFBC}") = "Template.Net.TelegramBot.Core", "Template.Net.TelegramBot.Core\Template.Net.TelegramBot.Core.csproj", "{8E9B3484-1C63-4D8B-B9C8-BE0DF76E5C2B}"
EndProject
Project("{FAE04EC0-301F-11D3-BF4B-00C04F79EFBC}") = "Template.Net.TelegramBot", "Template.Net.TelegramBot\Template.Net.TelegramBot.csproj", "{540AA337-EE40-455E-805D-798CA884F9DC}"
EndProject
Global
	GlobalSection(SolutionConfigurationPlatforms) = preSolution
		Debug|Any CPU = Debug|Any CPU
		Release|Any CPU = Release|Any CPU
	EndGlobalSection
	GlobalSection(ProjectConfigurationPlatforms) = postSolution
		{8E9B3484-1C63-4D8B-B9C8-BE0DF76E5C2B}.Debug|Any CPU.ActiveCfg = Debug|Any CPU
		{8E9B3484-1C63-4D8B-B9C8-BE0DF76E5C2B}.Debug|Any CPU.Build.0 = Debug|Any CPU
		{8E9B3484-1C63-4D8B-B9C8-BE0DF76E5C2B}.Release|Any CPU.ActiveCfg = Release|Any CPU
		{8E9B3484-1C63-4D8B-B9C8-BE0DF76E5C2B}.Release|Any CPU.Build.0 = Release|Any CPU
		{540AA337-EE40-455E-805D-798CA884F9DC}.Debug|Any CPU.ActiveCfg = Debug|Any CPU
		{540AA337-EE40-455E-805D-798CA884F9DC}.Debug|Any CPU.Build.0 = Debug|Any CPU
		{540AA337-EE40-455E-805D-798CA884F9DC}.Release|Any CPU.ActiveCfg = Release|Any CPU
		{540AA337-EE40-455E-805D-798CA884F9DC}.Release|Any CPU.Build.0 = Release|Any CPU
	EndGlobalSection
	GlobalSection(SolutionProperties) = preSolution
		HideSolutionNode = FALSE
	EndGlobalSection
	GlobalSection(ExtensibilityGlobals) = postSolution
		SolutionGuid = {4699606B-08F4-435F-9F99-3D30EE6F246C}
	EndGlobalSection
EndGlobal
